
Microsoft Visual Studio Solution File, Format Version 12.00
# Visual Studio Version 17
VisualStudioVersion = 17.4.33205.214
MinimumVisualStudioVersion = 10.0.40219.1
Project("{9A19103F-16F7-4668-BE54-9A1E7A4F7556}") = "Cinema", "Cinema\Cinema.csproj", "{3E7AAB7E-9526-4B13-A394-724A4F24BA5E}"
EndProject
Project("{FAE04EC0-301F-11D3-BF4B-00C04F79EFBC}") = "Cinema.DataAccess", "Cinema.DataAccess\Cinema.DataAccess.csproj", "{6FA598ED-D9E8-4741-AC56-1F6CBCB61195}"
EndProject
Project("{FAE04EC0-301F-11D3-BF4B-00C04F79EFBC}") = "Cinema.Models", "Cinema.Models\Cinema.Models.csproj", "{06DFEF68-C1FE-4E71-9D2D-3661FEAA832A}"
EndProject
Project("{FAE04EC0-301F-11D3-BF4B-00C04F79EFBC}") = "Cinema.Utilities", "Cinema.Utilities\Cinema.Utilities.csproj", "{216F7C8B-D7D2-44B6-BDED-7347BC82A128}"
EndProject
Global
	GlobalSection(SolutionConfigurationPlatforms) = preSolution
		Debug|Any CPU = Debug|Any CPU
		Release|Any CPU = Release|Any CPU
	EndGlobalSection
	GlobalSection(ProjectConfigurationPlatforms) = postSolution
		{3E7AAB7E-9526-4B13-A394-724A4F24BA5E}.Debug|Any CPU.ActiveCfg = Debug|Any CPU
		{3E7AAB7E-9526-4B13-A394-724A4F24BA5E}.Debug|Any CPU.Build.0 = Debug|Any CPU
		{3E7AAB7E-9526-4B13-A394-724A4F24BA5E}.Release|Any CPU.ActiveCfg = Release|Any CPU
		{3E7AAB7E-9526-4B13-A394-724A4F24BA5E}.Release|Any CPU.Build.0 = Release|Any CPU
		{6FA598ED-D9E8-4741-AC56-1F6CBCB61195}.Debug|Any CPU.ActiveCfg = Debug|Any CPU
		{6FA598ED-D9E8-4741-AC56-1F6CBCB61195}.Debug|Any CPU.Build.0 = Debug|Any CPU
		{6FA598ED-D9E8-4741-AC56-1F6CBCB61195}.Release|Any CPU.ActiveCfg = Release|Any CPU
		{6FA598ED-D9E8-4741-AC56-1F6CBCB61195}.Release|Any CPU.Build.0 = Release|Any CPU
		{06DFEF68-C1FE-4E71-9D2D-3661FEAA832A}.Debug|Any CPU.ActiveCfg = Debug|Any CPU
		{06DFEF68-C1FE-4E71-9D2D-3661FEAA832A}.Debug|Any CPU.Build.0 = Debug|Any CPU
		{06DFEF68-C1FE-4E71-9D2D-3661FEAA832A}.Release|Any CPU.ActiveCfg = Release|Any CPU
		{06DFEF68-C1FE-4E71-9D2D-3661FEAA832A}.Release|Any CPU.Build.0 = Release|Any CPU
		{216F7C8B-D7D2-44B6-BDED-7347BC82A128}.Debug|Any CPU.ActiveCfg = Debug|Any CPU
		{216F7C8B-D7D2-44B6-BDED-7347BC82A128}.Debug|Any CPU.Build.0 = Debug|Any CPU
		{216F7C8B-D7D2-44B6-BDED-7347BC82A128}.Release|Any CPU.ActiveCfg = Release|Any CPU
		{216F7C8B-D7D2-44B6-BDED-7347BC82A128}.Release|Any CPU.Build.0 = Release|Any CPU
	EndGlobalSection
	GlobalSection(SolutionProperties) = preSolution
		HideSolutionNode = FALSE
	EndGlobalSection
	GlobalSection(ExtensibilityGlobals) = postSolution
		SolutionGuid = {5F92A301-E1FF-4B9B-8757-5CE24078FDFB}
	EndGlobalSection
EndGlobal
